// !$*UTF8*$!
{
	archiveVersion = 1;
	classes = {
	};
	objectVersion = 46;
	objects = {

/* Begin PBXBuildFile section */
		A4688E401C76752000C68692 /* AppDelegate.swift in Sources */ = {isa = PBXBuildFile; fileRef = A4688E3F1C76752000C68692 /* AppDelegate.swift */; };
		A4688E421C76752000C68692 /* ViewController.swift in Sources */ = {isa = PBXBuildFile; fileRef = A4688E411C76752000C68692 /* ViewController.swift */; };
		A4688E451C76752000C68692 /* Main.storyboard in Resources */ = {isa = PBXBuildFile; fileRef = A4688E431C76752000C68692 /* Main.storyboard */; };
		A4688E471C76752000C68692 /* Assets.xcassets in Resources */ = {isa = PBXBuildFile; fileRef = A4688E461C76752000C68692 /* Assets.xcassets */; };
		A4688E4A1C76752000C68692 /* LaunchScreen.storyboard in Resources */ = {isa = PBXBuildFile; fileRef = A4688E481C76752000C68692 /* LaunchScreen.storyboard */; };
/* End PBXBuildFile section */

/* Begin PBXFileReference section */
		A4688E3C1C76752000C68692 /* rgpoop.app */ = {isa = PBXFileReference; explicitFileType = wrapper.application; includeInIndex = 0; path = rgpoop.app; sourceTree = BUILT_PRODUCTS_DIR; };
		A4688E3F1C76752000C68692 /* AppDelegate.swift */ = {isa = PBXFileReference; lastKnownFileType = sourcecode.swift; path = AppDelegate.swift; sourceTree = "<group>"; };
		A4688E411C76752000C68692 /* ViewController.swift */ = {isa = PBXFileReference; lastKnownFileType = sourcecode.swift; path = ViewController.swift; sourceTree = "<group>"; };
		A4688E441C76752000C68692 /* Base */ = {isa = PBXFileReference; lastKnownFileType = file.storyboard; name = Base; path = Base.lproj/Main.storyboard; sourceTree = "<group>"; };
		A4688E461C76752000C68692 /* Assets.xcassets */ = {isa = PBXFileReference; lastKnownFileType = folder.assetcatalog; path = Assets.xcassets; sourceTree = "<group>"; };
		A4688E491C76752000C68692 /* Base */ = {isa = PBXFileReference; lastKnownFileType = file.storyboard; name = Base; path = Base.lproj/LaunchScreen.storyboard; sourceTree = "<group>"; };
		A4688E4B1C76752000C68692 /* Info.plist */ = {isa = PBXFileReference; lastKnownFileType = text.plist.xml; path = Info.plist; sourceTree = "<group>"; };
/* End PBXFileReference section */

/* Begin PBXFrameworksBuildPhase section */
		A4688E391C76752000C68692 /* Frameworks */ = {
			isa = PBXFrameworksBuildPhase;
			buildActionMask = 2147483647;
			files = (
			);
			runOnlyForDeploymentPostprocessing = 0;
		};
/* End PBXFrameworksBuildPhase section */

/* Begin PBXGroup section */
		A4688E331C76752000C68692 = {
			isa = PBXGroup;
			children = (
				A4688E3E1C76752000C68692 /* rgpoop */,
				A4688E3D1C76752000C68692 /* Products */,
			);
			sourceTree = "<group>";
		};
		A4688E3D1C76752000C68692 /* Products */ = {
			isa = PBXGroup;
			children = (
				A4688E3C1C76752000C68692 /* rgpoop.app */,
			);
			name = Products;
			sourceTree = "<group>";
		};
		A4688E3E1C76752000C68692 /* rgpoop */ = {
			isa = PBXGroup;
			children = (
				A4688E3F1C76752000C68692 /* AppDelegate.swift */,
				A4688E411C76752000C68692 /* ViewController.swift */,
				A4688E431C76752000C68692 /* Main.storyboard */,
				A4688E461C76752000C68692 /* Assets.xcassets */,
				A4688E481C76752000C68692 /* LaunchScreen.storyboard */,
				A4688E4B1C76752000C68692 /* Info.plist */,
			);
			path = rgpoop;
			sourceTree = "<group>";
		};
/* End PBXGroup section */

/* Begin PBXNativeTarget section */
		A4688E3B1C76752000C68692 /* rgpoop */ = {
			isa = PBXNativeTarget;
			buildConfigurationList = A4688E4E1C76752000C68692 /* Build configuration list for PBXNativeTarget "rgpoop" */;
			buildPhases = (
				A4688E381C76752000C68692 /* Sources */,
				A4688E391C76752000C68692 /* Frameworks */,
				A4688E3A1C76752000C68692 /* Resources */,
			);
			buildRules = (
			);
			dependencies = (
			);
			name = rgpoop;
			productName = rgpoop;
			productReference = A4688E3C1C76752000C68692 /* rgpoop.app */;
			productType = "com.apple.product-type.application";
		};
/* End PBXNativeTarget section */

/* Begin PBXProject section */
		A4688E341C76752000C68692 /* Project object */ = {
			isa = PBXProject;
			attributes = {
				LastSwiftUpdateCheck = 0720;
				LastUpgradeCheck = 0720;
				ORGANIZATIONNAME = "Stephen Labedz";
				TargetAttributes = {
					A4688E3B1C76752000C68692 = {
						CreatedOnToolsVersion = 7.2.1;
						DevelopmentTeam = M57SRBP43U;
					};
				};
			};
			buildConfigurationList = A4688E371C76752000C68692 /* Build configuration list for PBXProject "rgpoop" */;
			compatibilityVersion = "Xcode 3.2";
			developmentRegion = English;
			hasScannedForEncodings = 0;
			knownRegions = (
				en,
				Base,
			);
			mainGroup = A4688E331C76752000C68692;
			productRefGroup = A4688E3D1C76752000C68692 /* Products */;
			projectDirPath = "";
			projectRoot = "";
			targets = (
				A4688E3B1C76752000C68692 /* rgpoop */,
			);
		};
/* End PBXProject section */

/* Begin PBXResourcesBuildPhase section */
		A4688E3A1C76752000C68692 /* Resources */ = {
			isa = PBXResourcesBuildPhase;
			buildActionMask = 2147483647;
			files = (
				A4688E4A1C76752000C68692 /* LaunchScreen.storyboard in Resources */,
				A4688E471C76752000C68692 /* Assets.xcassets in Resources */,
				A4688E451C76752000C68692 /* Main.storyboard in Resources */,
			);
			runOnlyForDeploymentPostprocessing = 0;
		};
/* End PBXResourcesBuildPhase section */

/* Begin PBXSourcesBuildPhase section */
		A4688E381C76752000C68692 /* Sources */ = {
			isa = PBXSourcesBuildPhase;
			buildActionMask = 2147483647;
			files = (
				A4688E421C76752000C68692 /* ViewController.swift in Sources */,
				A4688E401C76752000C68692 /* AppDelegate.swift in Sources */,
			);
			runOnlyForDeploymentPostprocessing = 0;
		};
/* End PBXSourcesBuildPhase section */

/* Begin PBXVariantGroup section */
		A4688E431C76752000C68692 /* Main.storyboard */ = {
			isa = PBXVariantGroup;
			children = (
				A4688E441C76752000C68692 /* Base */,
			);
			name = Main.storyboard;
			sourceTree = "<group>";
		};
		A4688E481C76752000C68692 /* LaunchScreen.storyboard */ = {
			isa = PBXVariantGroup;
			children = (
				A4688E491C76752000C68692 /* Base */,
			);
			name = LaunchScreen.storyboard;
			sourceTree = "<group>";
		};
/* End PBXVariantGroup section */

/* Begin XCBuildConfiguration section */
		A4688E4C1C76752000C68692 /* Debug */ = {
			isa = XCBuildConfiguration;
			buildSettings = {
				ALWAYS_SEARCH_USER_PATHS = NO;
				CLANG_CXX_LANGUAGE_STANDARD = "gnu++0x";
				CLANG_CXX_LIBRARY = "libc++";
				CLANG_ENABLE_MODULES = YES;
				CLANG_ENABLE_OBJC_ARC = YES;
				CLANG_WARN_BOOL_CONVERSION = YES;
				CLANG_WARN_CONSTANT_CONVERSION = YES;
				CLANG_WARN_DIRECT_OBJC_ISA_USAGE = YES_ERROR;
				CLANG_WARN_EMPTY_BODY = YES;
				CLANG_WARN_ENUM_CONVERSION = YES;
				CLANG_WARN_INT_CONVERSION = YES;
				CLANG_WARN_OBJC_ROOT_CLASS = YES_ERROR;
				CLANG_WARN_UNREACHABLE_CODE = YES;
				CLANG_WARN__DUPLICATE_METHOD_MATCH = YES;
				"CODE_SIGN_IDENTITY[sdk=iphoneos*]" = "iPhone Developer";
				COPY_PHASE_STRIP = NO;
				DEBUG_INFORMATION_FORMAT = dwarf;
				ENABLE_STRICT_OBJC_MSGSEND = YES;
				ENABLE_TESTABILITY = YES;
				GCC_C_LANGUAGE_STANDARD = gnu99;
				GCC_DYNAMIC_NO_PIC = NO;
				GCC_NO_COMMON_BLOCKS = YES;
				GCC_OPTIMIZATION_LEVEL = 0;
				GCC_PREPROCESSOR_DEFINITIONS = (
					"DEBUG=1",
					"$(inherited)",
				);
				GCC_WARN_64_TO_32_BIT_CONVERSION = YES;
				GCC_WARN_ABOUT_RETURN_TYPE = YES_ERROR;
				GCC_WARN_UNDECLARED_SELECTOR = YES;
				GCC_WARN_UNINITIALIZED_AUTOS = YES_AGGRESSIVE;
				GCC_WARN_UNUSED_FUNCTION = YES;
				GCC_WARN_UNUSED_VARIABLE = YES;
				IPHONEOS_DEPLOYMENT_TARGET = 9.2;
				MTL_ENABLE_DEBUG_INFO = YES;
				ONLY_ACTIVE_ARCH = YES;
				SDKROOT = iphoneos;
				SWIFT_OPTIMIZATION_LEVEL = "-Onone";
				TARGETED_DEVICE_FAMILY = "1,2";
			};
			name = Debug;
		};
		A4688E4D1C76752000C68692 /* Release */ = {
			isa = XCBuildConfiguration;
			buildSettings = {
				ALWAYS_SEARCH_USER_PATHS = NO;
				CLANG_CXX_LANGUAGE_STANDARD = "gnu++0x";
				CLANG_CXX_LIBRARY = "libc++";
				CLANG_ENABLE_MODULES = YES;
				CLANG_ENABLE_OBJC_ARC = YES;
				CLANG_WARN_BOOL_CONVERSION = YES;
				CLANG_WARN_CONSTANT_CONVERSION = YES;
				CLANG_WARN_DIRECT_OBJC_ISA_USAGE = YES_ERROR;
				CLANG_WARN_EMPTY_BODY = YES;
				CLANG_WARN_ENUM_CONVERSION = YES;
				CLANG_WARN_INT_CONVERSION = YES;
				CLANG_WARN_OBJC_ROOT_CLASS = YES_ERROR;
				CLANG_WARN_UNREACHABLE_CODE = YES;
				CLANG_WARN__DUPLICATE_METHOD_MATCH = YES;
				"CODE_SIGN_IDENTITY[sdk=iphoneos*]" = "iPhone Developer";
				COPY_PHASE_STRIP = NO;
				DEBUG_INFORMATION_FORMAT = "dwarf-with-dsym";
				ENABLE_NS_ASSERTIONS = NO;
				ENABLE_STRICT_OBJC_MSGSEND = YES;
				GCC_C_LANGUAGE_STANDARD = gnu99;
				GCC_NO_COMMON_BLOCKS = YES;
				GCC_WARN_64_TO_32_BIT_CONVERSION = YES;
				GCC_WARN_ABOUT_RETURN_TYPE = YES_ERROR;
				GCC_WARN_UNDECLARED_SELECTOR = YES;
				GCC_WARN_UNINITIALIZED_AUTOS = YES_AGGRESSIVE;
				GCC_WARN_UNUSED_FUNCTION = YES;
				GCC_WARN_UNUSED_VARIABLE = YES;
				IPHONEOS_DEPLOYMENT_TARGET = 9.2;
				MTL_ENABLE_DEBUG_INFO = NO;
				SDKROOT = iphoneos;
				TARGETED_DEVICE_FAMILY = "1,2";
				VALIDATE_PRODUCT = YES;
			};
			name = Release;
		};
		A4688E4F1C76752000C68692 /* Debug */ = {
			isa = XCBuildConfiguration;
			buildSettings = {
				ASSETCATALOG_COMPILER_APPICON_NAME = AppIcon;
				INFOPLIST_FILE = rgpoop/Info.plist;
				LD_RUNPATH_SEARCH_PATHS = "$(inherited) @executable_path/Frameworks";
				PRODUCT_BUNDLE_IDENTIFIER = com.designmind.rgpoop;
				PRODUCT_NAME = "$(TARGET_NAME)";
			};
			name = Debug;
		};
		A4688E501C76752000C68692 /* Release */ = {
			isa = XCBuildConfiguration;
			buildSettings = {
				ASSETCATALOG_COMPILER_APPICON_NAME = AppIcon;
				INFOPLIST_FILE = rgpoop/Info.plist;
				LD_RUNPATH_SEARCH_PATHS = "$(inherited) @executable_path/Frameworks";
				PRODUCT_BUNDLE_IDENTIFIER = com.designmind.rgpoop;
				PRODUCT_NAME = "$(TARGET_NAME)";
			};
			name = Release;
		};
/* End XCBuildConfiguration section */

/* Begin XCConfigurationList section */
		A4688E371C76752000C68692 /* Build configuration list for PBXProject "rgpoop" */ = {
			isa = XCConfigurationList;
			buildConfigurations = (
				A4688E4C1C76752000C68692 /* Debug */,
				A4688E4D1C76752000C68692 /* Release */,
			);
			defaultConfigurationIsVisible = 0;
			defaultConfigurationName = Release;
		};
		A4688E4E1C76752000C68692 /* Build configuration list for PBXNativeTarget "rgpoop" */ = {
			isa = XCConfigurationList;
			buildConfigurations = (
				A4688E4F1C76752000C68692 /* Debug */,
				A4688E501C76752000C68692 /* Release */,
			);
			defaultConfigurationIsVisible = 0;
		};
/* End XCConfigurationList section */
	};
	rootObject = A4688E341C76752000C68692 /* Project object */;
}
